
Microsoft Visual Studio Solution File, Format Version 12.00
# Visual Studio Version 17
VisualStudioVersion = 17.13.35919.96 d17.13
MinimumVisualStudioVersion = 10.0.40219.1
Project("{FAE04EC0-301F-11D3-BF4B-00C04F79EFBC}") = "NumberHelperApp", "NumberHelperApp\NumberHelperApp.csproj", "{56CAAF3C-B63B-438D-A360-79731E5F5E3B}"
EndProject
Project("{FAE04EC0-301F-11D3-BF4B-00C04F79EFBC}") = "NumberHelperApp.Tests", "NumberHelperApp.Tests\NumberHelperApp.Tests.csproj", "{9E3A611A-5D4F-4E26-85C6-C7E63718296D}"
EndProject
Global
	GlobalSection(SolutionConfigurationPlatforms) = preSolution
		Debug|Any CPU = Debug|Any CPU
		Release|Any CPU = Release|Any CPU
	EndGlobalSection
	GlobalSection(ProjectConfigurationPlatforms) = postSolution
		{56CAAF3C-B63B-438D-A360-79731E5F5E3B}.Debug|Any CPU.ActiveCfg = Debug|Any CPU
		{56CAAF3C-B63B-438D-A360-79731E5F5E3B}.Debug|Any CPU.Build.0 = Debug|Any CPU
		{56CAAF3C-B63B-438D-A360-79731E5F5E3B}.Release|Any CPU.ActiveCfg = Release|Any CPU
		{56CAAF3C-B63B-438D-A360-79731E5F5E3B}.Release|Any CPU.Build.0 = Release|Any CPU
		{9E3A611A-5D4F-4E26-85C6-C7E63718296D}.Debug|Any CPU.ActiveCfg = Debug|Any CPU
		{9E3A611A-5D4F-4E26-85C6-C7E63718296D}.Debug|Any CPU.Build.0 = Debug|Any CPU
		{9E3A611A-5D4F-4E26-85C6-C7E63718296D}.Release|Any CPU.ActiveCfg = Release|Any CPU
		{9E3A611A-5D4F-4E26-85C6-C7E63718296D}.Release|Any CPU.Build.0 = Release|Any CPU
	EndGlobalSection
	GlobalSection(SolutionProperties) = preSolution
		HideSolutionNode = FALSE
	EndGlobalSection
	GlobalSection(ExtensibilityGlobals) = postSolution
		SolutionGuid = {7B1EA92D-E79D-4B58-85E0-0B32D206730E}
	EndGlobalSection
EndGlobal
